
Microsoft Visual Studio Solution File, Format Version 12.00
# Visual Studio 15
VisualStudioVersion = 15.0.27703.2047
MinimumVisualStudioVersion = 10.0.40219.1
Project("{FAE04EC0-301F-11D3-BF4B-00C04F79EFBC}") = "InstagramSpider.Common", "InstagramSpider.Common\InstagramSpider.Common.csproj", "{B38AAC00-68FF-4980-AF1A-46518790DA0C}"
EndProject
Project("{FAE04EC0-301F-11D3-BF4B-00C04F79EFBC}") = "InstagramSpider.Scraper", "InstagramSpider.Scraper\InstagramSpider.Scraper.csproj", "{223D1963-8EF6-4EBA-9E2A-AB4CA71124C5}"
EndProject
Project("{FAE04EC0-301F-11D3-BF4B-00C04F79EFBC}") = "InstagramSpider.PhotoSaver", "InstagramSpider.PhotoSaver\InstagramSpider.PhotoSaver.csproj", "{B1DA34FC-0284-4537-B355-12B6AA121135}"
EndProject
Global
	GlobalSection(SolutionConfigurationPlatforms) = preSolution
		Debug|Any CPU = Debug|Any CPU
		Release|Any CPU = Release|Any CPU
	EndGlobalSection
	GlobalSection(ProjectConfigurationPlatforms) = postSolution
		{B38AAC00-68FF-4980-AF1A-46518790DA0C}.Debug|Any CPU.ActiveCfg = Debug|Any CPU
		{B38AAC00-68FF-4980-AF1A-46518790DA0C}.Debug|Any CPU.Build.0 = Debug|Any CPU
		{B38AAC00-68FF-4980-AF1A-46518790DA0C}.Release|Any CPU.ActiveCfg = Release|Any CPU
		{B38AAC00-68FF-4980-AF1A-46518790DA0C}.Release|Any CPU.Build.0 = Release|Any CPU
		{223D1963-8EF6-4EBA-9E2A-AB4CA71124C5}.Debug|Any CPU.ActiveCfg = Debug|Any CPU
		{223D1963-8EF6-4EBA-9E2A-AB4CA71124C5}.Debug|Any CPU.Build.0 = Debug|Any CPU
		{223D1963-8EF6-4EBA-9E2A-AB4CA71124C5}.Release|Any CPU.ActiveCfg = Release|Any CPU
		{223D1963-8EF6-4EBA-9E2A-AB4CA71124C5}.Release|Any CPU.Build.0 = Release|Any CPU
		{B1DA34FC-0284-4537-B355-12B6AA121135}.Debug|Any CPU.ActiveCfg = Debug|Any CPU
		{B1DA34FC-0284-4537-B355-12B6AA121135}.Debug|Any CPU.Build.0 = Debug|Any CPU
		{B1DA34FC-0284-4537-B355-12B6AA121135}.Release|Any CPU.ActiveCfg = Release|Any CPU
		{B1DA34FC-0284-4537-B355-12B6AA121135}.Release|Any CPU.Build.0 = Release|Any CPU
	EndGlobalSection
	GlobalSection(SolutionProperties) = preSolution
		HideSolutionNode = FALSE
	EndGlobalSection
	GlobalSection(ExtensibilityGlobals) = postSolution
		SolutionGuid = {84FF04D1-9EFC-4FD4-A877-00C85E816DAB}
	EndGlobalSection
EndGlobal
